
Microsoft Visual Studio Solution File, Format Version 12.00
# Visual Studio Version 16
VisualStudioVersion = 16.0.29215.179
MinimumVisualStudioVersion = 10.0.40219.1
Project("{FAE04EC0-301F-11D3-BF4B-00C04F79EFBC}") = "FlooringMastery.UI", "FlooringMastery\FlooringMastery.UI.csproj", "{2F02928C-67B6-40B1-B96A-57B9ECC23DDF}"
EndProject
Project("{FAE04EC0-301F-11D3-BF4B-00C04F79EFBC}") = "FlooringMastery.Models", "FlooringMastery.Models\FlooringMastery.Models.csproj", "{794F1D6A-78F5-4166-8962-E23D21B11251}"
EndProject
Project("{FAE04EC0-301F-11D3-BF4B-00C04F79EFBC}") = "FlooringMastery.BLL", "FlooringMastery.BLL\FlooringMastery.BLL.csproj", "{442B4A33-BE12-4923-B247-13E1259D0F59}"
EndProject
Project("{FAE04EC0-301F-11D3-BF4B-00C04F79EFBC}") = "FlooringMastery.Data", "FlooringMastery.Data\FlooringMastery.Data.csproj", "{EC4CC705-9AAF-483C-89A6-9C48A0F63897}"
EndProject
Global
	GlobalSection(SolutionConfigurationPlatforms) = preSolution
		Debug|Any CPU = Debug|Any CPU
		Release|Any CPU = Release|Any CPU
	EndGlobalSection
	GlobalSection(ProjectConfigurationPlatforms) = postSolution
		{2F02928C-67B6-40B1-B96A-57B9ECC23DDF}.Debug|Any CPU.ActiveCfg = Debug|Any CPU
		{2F02928C-67B6-40B1-B96A-57B9ECC23DDF}.Debug|Any CPU.Build.0 = Debug|Any CPU
		{2F02928C-67B6-40B1-B96A-57B9ECC23DDF}.Release|Any CPU.ActiveCfg = Release|Any CPU
		{2F02928C-67B6-40B1-B96A-57B9ECC23DDF}.Release|Any CPU.Build.0 = Release|Any CPU
		{794F1D6A-78F5-4166-8962-E23D21B11251}.Debug|Any CPU.ActiveCfg = Debug|Any CPU
		{794F1D6A-78F5-4166-8962-E23D21B11251}.Debug|Any CPU.Build.0 = Debug|Any CPU
		{794F1D6A-78F5-4166-8962-E23D21B11251}.Release|Any CPU.ActiveCfg = Release|Any CPU
		{794F1D6A-78F5-4166-8962-E23D21B11251}.Release|Any CPU.Build.0 = Release|Any CPU
		{442B4A33-BE12-4923-B247-13E1259D0F59}.Debug|Any CPU.ActiveCfg = Debug|Any CPU
		{442B4A33-BE12-4923-B247-13E1259D0F59}.Debug|Any CPU.Build.0 = Debug|Any CPU
		{442B4A33-BE12-4923-B247-13E1259D0F59}.Release|Any CPU.ActiveCfg = Release|Any CPU
		{442B4A33-BE12-4923-B247-13E1259D0F59}.Release|Any CPU.Build.0 = Release|Any CPU
		{EC4CC705-9AAF-483C-89A6-9C48A0F63897}.Debug|Any CPU.ActiveCfg = Debug|Any CPU
		{EC4CC705-9AAF-483C-89A6-9C48A0F63897}.Debug|Any CPU.Build.0 = Debug|Any CPU
		{EC4CC705-9AAF-483C-89A6-9C48A0F63897}.Release|Any CPU.ActiveCfg = Release|Any CPU
		{EC4CC705-9AAF-483C-89A6-9C48A0F63897}.Release|Any CPU.Build.0 = Release|Any CPU
	EndGlobalSection
	GlobalSection(SolutionProperties) = preSolution
		HideSolutionNode = FALSE
	EndGlobalSection
	GlobalSection(ExtensibilityGlobals) = postSolution
		SolutionGuid = {AA93D9FD-3361-463D-A9CA-7ABC3F25792A}
	EndGlobalSection
EndGlobal
